{
    "_readme": [
        "This file locks the dependencies of your project to a known state",
        "Read more about it at https://getcomposer.org/doc/01-basic-usage.md#installing-dependencies",
        "This file is @generated by Composer"
    ],
    "content-hash": "8e3e461b2a2b721867823f03673f5509",
    "packages": [
        {
            "name": "resend/resend-php",
            "version": "0.10.0",
            "source": {
                "type": "git",
                "url": "https://github.com/resend/resend-php.git",
                "reference": "7161b3260c5780f2d93700072689617260589d6e"
            },
            "require": {
                "php": "^8.1"
            },
            "type": "library"
        }
    ],
    "platform": {
        "php": ">=7.4"
    }
}